
Microsoft Visual Studio Solution File, Format Version 12.00
# Visual Studio Version 16
VisualStudioVersion = 16.0.30611.23
MinimumVisualStudioVersion = 10.0.40219.1
Project("{9A19103F-16F7-4668-BE54-9A1E7A4F7556}") = "Bombs", "Bombs\Bombs.csproj", "{E46A8935-886D-406E-B519-66DCB879E36A}"
EndProject
Project("{9A19103F-16F7-4668-BE54-9A1E7A4F7556}") = "Snake", "Snake\Snake.csproj", "{E4D18446-A90F-4614-9FCE-5B91C716DC76}"
EndProject
Project("{FAE04EC0-301F-11D3-BF4B-00C04F79EFBC}") = "Parking", "Parking\Parking.csproj", "{018F632D-3BCE-4F2A-B7D0-83440CD3E6BD}"
EndProject
Global
	GlobalSection(SolutionConfigurationPlatforms) = preSolution
		Debug|Any CPU = Debug|Any CPU
		Release|Any CPU = Release|Any CPU
	EndGlobalSection
	GlobalSection(ProjectConfigurationPlatforms) = postSolution
		{E46A8935-886D-406E-B519-66DCB879E36A}.Debug|Any CPU.ActiveCfg = Debug|Any CPU
		{E46A8935-886D-406E-B519-66DCB879E36A}.Debug|Any CPU.Build.0 = Debug|Any CPU
		{E46A8935-886D-406E-B519-66DCB879E36A}.Release|Any CPU.ActiveCfg = Release|Any CPU
		{E46A8935-886D-406E-B519-66DCB879E36A}.Release|Any CPU.Build.0 = Release|Any CPU
		{E4D18446-A90F-4614-9FCE-5B91C716DC76}.Debug|Any CPU.ActiveCfg = Debug|Any CPU
		{E4D18446-A90F-4614-9FCE-5B91C716DC76}.Debug|Any CPU.Build.0 = Debug|Any CPU
		{E4D18446-A90F-4614-9FCE-5B91C716DC76}.Release|Any CPU.ActiveCfg = Release|Any CPU
		{E4D18446-A90F-4614-9FCE-5B91C716DC76}.Release|Any CPU.Build.0 = Release|Any CPU
		{018F632D-3BCE-4F2A-B7D0-83440CD3E6BD}.Debug|Any CPU.ActiveCfg = Debug|Any CPU
		{018F632D-3BCE-4F2A-B7D0-83440CD3E6BD}.Debug|Any CPU.Build.0 = Debug|Any CPU
		{018F632D-3BCE-4F2A-B7D0-83440CD3E6BD}.Release|Any CPU.ActiveCfg = Release|Any CPU
		{018F632D-3BCE-4F2A-B7D0-83440CD3E6BD}.Release|Any CPU.Build.0 = Release|Any CPU
	EndGlobalSection
	GlobalSection(SolutionProperties) = preSolution
		HideSolutionNode = FALSE
	EndGlobalSection
	GlobalSection(ExtensibilityGlobals) = postSolution
		SolutionGuid = {3CA82214-1D4E-497E-8F4C-5C2548F12A56}
	EndGlobalSection
EndGlobal
