
Microsoft Visual Studio Solution File, Format Version 12.00
# Visual Studio Version 16
VisualStudioVersion = 16.0.30611.23
MinimumVisualStudioVersion = 10.0.40219.1
Project("{9A19103F-16F7-4668-BE54-9A1E7A4F7556}") = "Basic Stack Operations", "Basic Stack Operations\Basic Stack Operations.csproj", "{3A460868-B6D8-4F12-B285-8C29F81D10DB}"
EndProject
Project("{9A19103F-16F7-4668-BE54-9A1E7A4F7556}") = "Basic Queue Operations", "Basic Queue Operations\Basic Queue Operations.csproj", "{1CF9430D-1E71-4C4B-9F66-F6FCC3673683}"
EndProject
Project("{9A19103F-16F7-4668-BE54-9A1E7A4F7556}") = "Fast Food", "Fast Food\Fast Food.csproj", "{74D5440D-95A8-43AE-A38B-C54461C4C610}"
EndProject
Project("{9A19103F-16F7-4668-BE54-9A1E7A4F7556}") = "Fashion Boutique", "Fashion Boutique\Fashion Boutique.csproj", "{5DE13B9C-FBA1-47D3-B679-CF934C7D7144}"
EndProject
Project("{9A19103F-16F7-4668-BE54-9A1E7A4F7556}") = "Songs Queue", "Songs Queue\Songs Queue.csproj", "{DFD41594-3908-443B-A7D3-FD5F26A2EE45}"
EndProject
Project("{9A19103F-16F7-4668-BE54-9A1E7A4F7556}") = "Truck Tour", "Truck Tour\Truck Tour.csproj", "{D1F8D41D-06B1-4E1F-8EA2-FC757BE61CA8}"
EndProject
Project("{9A19103F-16F7-4668-BE54-9A1E7A4F7556}") = "Balanced Parenthesis", "Balanced Parenthesis\Balanced Parenthesis.csproj", "{988AA2E4-2C60-4776-915E-0CC825472FE8}"
EndProject
Project("{9A19103F-16F7-4668-BE54-9A1E7A4F7556}") = "Maximum and Minimum Element", "Maximum and Minimum Element\Maximum and Minimum Element.csproj", "{F7F8A535-646B-486C-9FE6-DE1B4537AB2E}"
EndProject
Project("{9A19103F-16F7-4668-BE54-9A1E7A4F7556}") = "Simple Text Editor", "Simple Text Editor\Simple Text Editor.csproj", "{F1239F36-A9F5-4900-9D8F-39EAA10A2730}"
EndProject
Project("{9A19103F-16F7-4668-BE54-9A1E7A4F7556}") = "Key Revolver", "Key Revolver\Key Revolver.csproj", "{2E6C5012-E528-4F49-92CA-029E0ACD077F}"
EndProject
Project("{9A19103F-16F7-4668-BE54-9A1E7A4F7556}") = "Crossroads", "Crossroads\Crossroads.csproj", "{378F70D7-EA4E-4847-B8D0-B218BF42AE9C}"
EndProject
Project("{9A19103F-16F7-4668-BE54-9A1E7A4F7556}") = "Cups and Bottles", "Cups and Bottles\Cups and Bottles.csproj", "{CEEFE765-BCE0-41A6-A12E-0BEDD073C291}"
EndProject
Project("{FAE04EC0-301F-11D3-BF4B-00C04F79EFBC}") = "caps and bottles 1", "caps and bottles 1\caps and bottles 1.csproj", "{C1A84870-7326-4929-9846-9DA45774E978}"
EndProject
Global
	GlobalSection(SolutionConfigurationPlatforms) = preSolution
		Debug|Any CPU = Debug|Any CPU
		Release|Any CPU = Release|Any CPU
	EndGlobalSection
	GlobalSection(ProjectConfigurationPlatforms) = postSolution
		{3A460868-B6D8-4F12-B285-8C29F81D10DB}.Debug|Any CPU.ActiveCfg = Debug|Any CPU
		{3A460868-B6D8-4F12-B285-8C29F81D10DB}.Debug|Any CPU.Build.0 = Debug|Any CPU
		{3A460868-B6D8-4F12-B285-8C29F81D10DB}.Release|Any CPU.ActiveCfg = Release|Any CPU
		{3A460868-B6D8-4F12-B285-8C29F81D10DB}.Release|Any CPU.Build.0 = Release|Any CPU
		{1CF9430D-1E71-4C4B-9F66-F6FCC3673683}.Debug|Any CPU.ActiveCfg = Debug|Any CPU
		{1CF9430D-1E71-4C4B-9F66-F6FCC3673683}.Debug|Any CPU.Build.0 = Debug|Any CPU
		{1CF9430D-1E71-4C4B-9F66-F6FCC3673683}.Release|Any CPU.ActiveCfg = Release|Any CPU
		{1CF9430D-1E71-4C4B-9F66-F6FCC3673683}.Release|Any CPU.Build.0 = Release|Any CPU
		{74D5440D-95A8-43AE-A38B-C54461C4C610}.Debug|Any CPU.ActiveCfg = Debug|Any CPU
		{74D5440D-95A8-43AE-A38B-C54461C4C610}.Debug|Any CPU.Build.0 = Debug|Any CPU
		{74D5440D-95A8-43AE-A38B-C54461C4C610}.Release|Any CPU.ActiveCfg = Release|Any CPU
		{74D5440D-95A8-43AE-A38B-C54461C4C610}.Release|Any CPU.Build.0 = Release|Any CPU
		{5DE13B9C-FBA1-47D3-B679-CF934C7D7144}.Debug|Any CPU.ActiveCfg = Debug|Any CPU
		{5DE13B9C-FBA1-47D3-B679-CF934C7D7144}.Debug|Any CPU.Build.0 = Debug|Any CPU
		{5DE13B9C-FBA1-47D3-B679-CF934C7D7144}.Release|Any CPU.ActiveCfg = Release|Any CPU
		{5DE13B9C-FBA1-47D3-B679-CF934C7D7144}.Release|Any CPU.Build.0 = Release|Any CPU
		{DFD41594-3908-443B-A7D3-FD5F26A2EE45}.Debug|Any CPU.ActiveCfg = Debug|Any CPU
		{DFD41594-3908-443B-A7D3-FD5F26A2EE45}.Debug|Any CPU.Build.0 = Debug|Any CPU
		{DFD41594-3908-443B-A7D3-FD5F26A2EE45}.Release|Any CPU.ActiveCfg = Release|Any CPU
		{DFD41594-3908-443B-A7D3-FD5F26A2EE45}.Release|Any CPU.Build.0 = Release|Any CPU
		{D1F8D41D-06B1-4E1F-8EA2-FC757BE61CA8}.Debug|Any CPU.ActiveCfg = Debug|Any CPU
		{D1F8D41D-06B1-4E1F-8EA2-FC757BE61CA8}.Debug|Any CPU.Build.0 = Debug|Any CPU
		{D1F8D41D-06B1-4E1F-8EA2-FC757BE61CA8}.Release|Any CPU.ActiveCfg = Release|Any CPU
		{D1F8D41D-06B1-4E1F-8EA2-FC757BE61CA8}.Release|Any CPU.Build.0 = Release|Any CPU
		{988AA2E4-2C60-4776-915E-0CC825472FE8}.Debug|Any CPU.ActiveCfg = Debug|Any CPU
		{988AA2E4-2C60-4776-915E-0CC825472FE8}.Debug|Any CPU.Build.0 = Debug|Any CPU
		{988AA2E4-2C60-4776-915E-0CC825472FE8}.Release|Any CPU.ActiveCfg = Release|Any CPU
		{988AA2E4-2C60-4776-915E-0CC825472FE8}.Release|Any CPU.Build.0 = Release|Any CPU
		{F7F8A535-646B-486C-9FE6-DE1B4537AB2E}.Debug|Any CPU.ActiveCfg = Debug|Any CPU
		{F7F8A535-646B-486C-9FE6-DE1B4537AB2E}.Debug|Any CPU.Build.0 = Debug|Any CPU
		{F7F8A535-646B-486C-9FE6-DE1B4537AB2E}.Release|Any CPU.ActiveCfg = Release|Any CPU
		{F7F8A535-646B-486C-9FE6-DE1B4537AB2E}.Release|Any CPU.Build.0 = Release|Any CPU
		{F1239F36-A9F5-4900-9D8F-39EAA10A2730}.Debug|Any CPU.ActiveCfg = Debug|Any CPU
		{F1239F36-A9F5-4900-9D8F-39EAA10A2730}.Debug|Any CPU.Build.0 = Debug|Any CPU
		{F1239F36-A9F5-4900-9D8F-39EAA10A2730}.Release|Any CPU.ActiveCfg = Release|Any CPU
		{F1239F36-A9F5-4900-9D8F-39EAA10A2730}.Release|Any CPU.Build.0 = Release|Any CPU
		{2E6C5012-E528-4F49-92CA-029E0ACD077F}.Debug|Any CPU.ActiveCfg = Debug|Any CPU
		{2E6C5012-E528-4F49-92CA-029E0ACD077F}.Debug|Any CPU.Build.0 = Debug|Any CPU
		{2E6C5012-E528-4F49-92CA-029E0ACD077F}.Release|Any CPU.ActiveCfg = Release|Any CPU
		{2E6C5012-E528-4F49-92CA-029E0ACD077F}.Release|Any CPU.Build.0 = Release|Any CPU
		{378F70D7-EA4E-4847-B8D0-B218BF42AE9C}.Debug|Any CPU.ActiveCfg = Debug|Any CPU
		{378F70D7-EA4E-4847-B8D0-B218BF42AE9C}.Debug|Any CPU.Build.0 = Debug|Any CPU
		{378F70D7-EA4E-4847-B8D0-B218BF42AE9C}.Release|Any CPU.ActiveCfg = Release|Any CPU
		{378F70D7-EA4E-4847-B8D0-B218BF42AE9C}.Release|Any CPU.Build.0 = Release|Any CPU
		{CEEFE765-BCE0-41A6-A12E-0BEDD073C291}.Debug|Any CPU.ActiveCfg = Debug|Any CPU
		{CEEFE765-BCE0-41A6-A12E-0BEDD073C291}.Debug|Any CPU.Build.0 = Debug|Any CPU
		{CEEFE765-BCE0-41A6-A12E-0BEDD073C291}.Release|Any CPU.ActiveCfg = Release|Any CPU
		{CEEFE765-BCE0-41A6-A12E-0BEDD073C291}.Release|Any CPU.Build.0 = Release|Any CPU
		{C1A84870-7326-4929-9846-9DA45774E978}.Debug|Any CPU.ActiveCfg = Debug|Any CPU
		{C1A84870-7326-4929-9846-9DA45774E978}.Debug|Any CPU.Build.0 = Debug|Any CPU
		{C1A84870-7326-4929-9846-9DA45774E978}.Release|Any CPU.ActiveCfg = Release|Any CPU
		{C1A84870-7326-4929-9846-9DA45774E978}.Release|Any CPU.Build.0 = Release|Any CPU
	EndGlobalSection
	GlobalSection(SolutionProperties) = preSolution
		HideSolutionNode = FALSE
	EndGlobalSection
	GlobalSection(ExtensibilityGlobals) = postSolution
		SolutionGuid = {263D692E-E5C9-4ED1-BFED-2F00DA129927}
	EndGlobalSection
EndGlobal
